{
  "lockfile_version": "1",
  "packages": {
    "gh@2.97.0": {
      "last_modified": "2026-08-01T16:34:20Z",
      "resolved": "github:NixOS/nixpkgs/a5cbcfe954791221bfffe2307f7d1a1bf61a871e#gh",
      "source": "devbox-search",
      "version": "2.97.0",
      "systems": {
        "aarch64-darwin": {
          "outputs": [
            {
              "name": "out",
              "path": "/nix/store/9q6i0m1x1wx24vknbs3iglvnr5aw1hxb-gh-2.97.0",
              "default": true
            }
          ],
          "store_path": "/nix/store/9q6i0m1x1wx24vknbs3iglvnr5aw1hxb-gh-2.97.0"
        },
        "aarch64-linux": {
          "outputs": [
            {
              "name": "out",
              "path": "/nix/store/8zf6nxnc574nlipbhq4z46ij22hqd9ac-gh-2.97.0",
              "default": true
            }
          ],
          "store_path": "/nix/store/8zf6nxnc574nlipbhq4z46ij22hqd9ac-gh-2.97.0"
        },
        "x86_64-linux": {
          "outputs": [
            {
              "name": "out",
              "path": "/nix/store/7ayrbzjnm88xn12lfv99c1sqprlc2bwr-gh-2.97.0",
              "default": true
            }
          ],
          "store_path": "/nix/store/7ayrbzjnm88xn12lfv99c1sqprlc2bwr-gh-2.97.0"
        }
      }
    },
    "github:NixOS/nixpkgs/nixpkgs-unstable": {
      "last_modified": "2026-08-10T07:49:06Z",
      "resolved": "github:NixOS/nixpkgs/d482ef84049d9b7276b83a06e4e4d76983830097?lastModified=1786348146&narHash=sha256-we5zDEFfn8TgzeWKjKDMIjeQZ59omEPl23NIF%2B13%2Fys%3D"
    },
    "go@1.26.5": {
      "last_modified": "2026-08-01T16:34:20Z",
      "resolved": "github:NixOS/nixpkgs/a5cbcfe954791221bfffe2307f7d1a1bf61a871e#go",
      "source": "devbox-search",
      "version": "1.26.5",
      "systems": {
        "aarch64-darwin": {
          "outputs": [
            {
              "name": "out",
              "path": "/nix/store/8g06ffyaas333hzhsjcd50nqbsldqjhh-go-1.26.5",
              "default": true
            }
          ],
          "store_path": "/nix/store/8g06ffyaas333hzhsjcd50nqbsldqjhh-go-1.26.5"
        },
        "aarch64-linux": {
          "outputs": [
            {
              "name": "out",
              "path": "/nix/store/p8wbwrmaqggbg1griwkcjag8lbkgz0qg-go-1.26.5",
              "default": true
            }
          ],
          "store_path": "/nix/store/p8wbwrmaqggbg1griwkcjag8lbkgz0qg-go-1.26.5"
        },
        "x86_64-linux": {
          "outputs": [
            {
              "name": "out",
              "path": "/nix/store/pwj3x44pp735yb038fnmqckyyra9k29x-go-1.26.5",
              "default": true
            }
          ],
          "store_path": "/nix/store/pwj3x44pp735yb038fnmqckyyra9k29x-go-1.26.5"
        }
      }
    },
    "gopls@0.23.0": {
      "last_modified": "2026-08-01T16:34:20Z",
      "resolved": "github:NixOS/nixpkgs/a5cbcfe954791221bfffe2307f7d1a1bf61a871e#gopls",
      "source": "devbox-search",
      "version": "0.23.0",
      "systems": {
        "aarch64-darwin": {
          "outputs": [
            {
              "name": "out",
              "path": "/nix/store/8f2vrnvra82pqdms25vh7n3jrq4562xw-gopls-0.23.0",
              "default": true
            }
          ],
          "store_path": "/nix/store/8f2vrnvra82pqdms25vh7n3jrq4562xw-gopls-0.23.0"
        },
        "aarch64-linux": {
          "outputs": [
            {
              "name": "out",
              "path": "/nix/store/53i4vyyd35621ggva737qzkcld7jxa2k-gopls-0.23.0",
              "default": true
            }
          ],
          "store_path": "/nix/store/53i4vyyd35621ggva737qzkcld7jxa2k-gopls-0.23.0"
        },
        "x86_64-linux": {
          "outputs": [
            {
              "name": "out",
              "path": "/nix/store/vy1ggzapyln71xhj55kl6q5268azmx89-gopls-0.23.0",
              "default": true
            }
          ],
          "store_path": "/nix/store/vy1ggzapyln71xhj55kl6q5268azmx89-gopls-0.23.0"
        }
      }
    },
    "just@1.57.0": {
      "last_modified": "2026-08-01T16:34:20Z",
      "resolved": "github:NixOS/nixpkgs/a5cbcfe954791221bfffe2307f7d1a1bf61a871e#just",
      "source": "devbox-search",
      "version": "1.57.0",
      "systems": {
        "aarch64-darwin": {
          "outputs": [
            {
              "name": "out",
              "path": "/nix/store/n6qxmipv7x0mhqhn8rh6wwy647darcfl-just-1.57.0",
              "default": true
            },
            {
              "name": "man",
              "path": "/nix/store/rxdkf2w10qg6i5s8f358wrh2frzznak4-just-1.57.0-man",
              "default": true
            },
            {
              "name": "doc",
              "path": "/nix/store/l33bjpd0wihw69028c57bbv2xywbmx1w-just-1.57.0-doc"
            }
          ],
          "store_path": "/nix/store/n6qxmipv7x0mhqhn8rh6wwy647darcfl-just-1.57.0"
        },
        "aarch64-linux": {
          "outputs": [
            {
              "name": "out",
              "path": "/nix/store/r6hjn3p91594n85ww9jxs9k230wmwqhh-just-1.57.0",
              "default": true
            },
            {
              "name": "man",
              "path": "/nix/store/pr0lp4gvzqzk0ay4ir8bfclxv0wqmrdc-just-1.57.0-man",
              "default": true
            },
            {
              "name": "doc",
              "path": "/nix/store/y51bl4shczg8wwrys02r9s7b9x2xh7pn-just-1.57.0-doc"
            }
          ],
          "store_path": "/nix/store/r6hjn3p91594n85ww9jxs9k230wmwqhh-just-1.57.0"
        },
        "x86_64-linux": {
          "outputs": [
            {
              "name": "out",
              "path": "/nix/store/gw651v4xdfs9zwicw5nbrlyaxph17rmd-just-1.57.0",
              "default": true
            },
            {
              "name": "man",
              "path": "/nix/store/zd6721rmmi01rqazz2a4hvfdv2aidy8d-just-1.57.0-man",
              "default": true
            },
            {
              "name": "doc",
              "path": "/nix/store/xqx2hngsfb56w5gr3pgvamnygxkghzc2-just-1.57.0-doc"
            }
          ],
          "store_path": "/nix/store/gw651v4xdfs9zwicw5nbrlyaxph17rmd-just-1.57.0"
        }
      }
    }
  }
}
